
Microsoft Visual Studio Solution File, Format Version 12.00
# Visual Studio Version 17
VisualStudioVersion = 17.0.31903.59
MinimumVisualStudioVersion = 10.0.40219.1
Project("{2150E333-8FDC-42A3-9474-1A3956D46DE8}") = "Engine", "Engine", "{D585295F-7994-3649-1065-7AA403C41681}"
EndProject
Project("{2150E333-8FDC-42A3-9474-1A3956D46DE8}") = "Core", "Core", "{D88E0CE7-DE1E-CA43-F65B-E201F6248602}"
EndProject
Project("{FAE04EC0-301F-11D3-BF4B-00C04F79EFBC}") = "PlantWatch.Engine.Core", "Engine\Core\PlantWatch.Engine.Core\PlantWatch.Engine.Core.csproj", "{18140B8C-FC3A-4D65-BEB5-77BEB2DCE357}"
EndProject
Project("{2150E333-8FDC-42A3-9474-1A3956D46DE8}") = "Drivers", "Drivers", "{0D9CB365-A239-2C94-C516-E2289EEA752D}"
EndProject
Project("{FAE04EC0-301F-11D3-BF4B-00C04F79EFBC}") = "PlantWatch.Engine.Drivers.Protocols.Siemens", "Engine\Drivers\Protocols\PlantWatch.Engine.Drivers.Protocols.Siemens\PlantWatch.Engine.Drivers.Protocols.Siemens.csproj", "{0FE9DD7A-D19E-4819-8B18-2E53BCFFF010}"
EndProject
Project("{FAE04EC0-301F-11D3-BF4B-00C04F79EFBC}") = "PlantWatch.Engine.DriverRuntime", "Engine\Drivers\PlantWatch.Engine.DriverRuntime\PlantWatch.Engine.DriverRuntime.csproj", "{F4CEA5E6-5E22-4B15-B468-E9E55E02C5D0}"
EndProject
Project("{2150E333-8FDC-42A3-9474-1A3956D46DE8}") = "Tests", "Tests", "{CD3B5CE5-C23F-38B4-04AA-A303F94731A5}"
EndProject
Project("{FAE04EC0-301F-11D3-BF4B-00C04F79EFBC}") = "PlantWatch.Engine.Tests.DriverRuntime", "Engine\Tests\PlantWatch.Engine.DriverRuntime.Tests\PlantWatch.Engine.Tests.DriverRuntime.csproj", "{A52B76FE-2F37-495E-BDEC-313B2DA0AE6A}"
EndProject
Project("{FAE04EC0-301F-11D3-BF4B-00C04F79EFBC}") = "PlantWatch.Engine.Tests.Drivers.Siemens", "Engine\Tests\PlantWatch.Engine.Drivers.Siemens.Tests\PlantWatch.Engine.Tests.Drivers.Siemens.csproj", "{60891156-6CC2-45AE-ADDE-010A2BD25BA6}"
EndProject
Project("{2150E333-8FDC-42A3-9474-1A3956D46DE8}") = "Live", "Live", "{1B5980E6-EF5C-6277-9477-31F21C2DD2D5}"
EndProject
Project("{FAE04EC0-301F-11D3-BF4B-00C04F79EFBC}") = "PlantWatch.Engine.Tests.Live.LiveTestApp", "Engine\Tests\Live\PlantWatch.LiveTestApp\PlantWatch.Engine.Tests.Live.LiveTestApp.csproj", "{26B782BD-F2CD-432A-85BD-1B2E729B4E99}"
EndProject
Project("{2150E333-8FDC-42A3-9474-1A3956D46DE8}") = "Protocols", "Protocols", "{73A017FD-94F0-0CE4-4FFD-E99825A18DCD}"
EndProject
Project("{2150E333-8FDC-42A3-9474-1A3956D46DE8}") = "Applications", "Applications", "{F466A2CF-81D4-4695-2886-76C1EC995682}"
EndProject
Project("{FAE04EC0-301F-11D3-BF4B-00C04F79EFBC}") = "PlantWatch.Engine.Applications.WebApi", "Engine\Applications\PlantWatch.Engine.Applications.WebApi\PlantWatch.Engine.Applications.WebApi.csproj", "{7F381B9F-15B1-483B-8031-691CDC265B67}"
EndProject
Project("{FAE04EC0-301F-11D3-BF4B-00C04F79EFBC}") = "PlantWatch.Engine.Launcher", "Engine\PlantWatch.Engine.Launcher\PlantWatch.Engine.Launcher.csproj", "{88474AD8-4BE1-421D-9E84-A6B2C338270B}"
EndProject
Project("{FAE04EC0-301F-11D3-BF4B-00C04F79EFBC}") = "LiteDbReader", "Engine\Tests\Live\LiteDbReader\LiteDbReader.csproj", "{D10BC4D0-A7C2-4E96-9181-D6CBD689F865}"
EndProject
Global
	GlobalSection(SolutionConfigurationPlatforms) = preSolution
		Debug|Any CPU = Debug|Any CPU
		Debug|x64 = Debug|x64
		Debug|x86 = Debug|x86
		Release|Any CPU = Release|Any CPU
		Release|x64 = Release|x64
		Release|x86 = Release|x86
	EndGlobalSection
	GlobalSection(ProjectConfigurationPlatforms) = postSolution
		{18140B8C-FC3A-4D65-BEB5-77BEB2DCE357}.Debug|Any CPU.ActiveCfg = Debug|Any CPU
		{18140B8C-FC3A-4D65-BEB5-77BEB2DCE357}.Debug|Any CPU.Build.0 = Debug|Any CPU
		{18140B8C-FC3A-4D65-BEB5-77BEB2DCE357}.Debug|x64.ActiveCfg = Debug|Any CPU
		{18140B8C-FC3A-4D65-BEB5-77BEB2DCE357}.Debug|x64.Build.0 = Debug|Any CPU
		{18140B8C-FC3A-4D65-BEB5-77BEB2DCE357}.Debug|x86.ActiveCfg = Debug|Any CPU
		{18140B8C-FC3A-4D65-BEB5-77BEB2DCE357}.Debug|x86.Build.0 = Debug|Any CPU
		{18140B8C-FC3A-4D65-BEB5-77BEB2DCE357}.Release|Any CPU.ActiveCfg = Release|Any CPU
		{18140B8C-FC3A-4D65-BEB5-77BEB2DCE357}.Release|Any CPU.Build.0 = Release|Any CPU
		{18140B8C-FC3A-4D65-BEB5-77BEB2DCE357}.Release|x64.ActiveCfg = Release|Any CPU
		{18140B8C-FC3A-4D65-BEB5-77BEB2DCE357}.Release|x64.Build.0 = Release|Any CPU
		{18140B8C-FC3A-4D65-BEB5-77BEB2DCE357}.Release|x86.ActiveCfg = Release|Any CPU
		{18140B8C-FC3A-4D65-BEB5-77BEB2DCE357}.Release|x86.Build.0 = Release|Any CPU
		{0FE9DD7A-D19E-4819-8B18-2E53BCFFF010}.Debug|Any CPU.ActiveCfg = Debug|Any CPU
		{0FE9DD7A-D19E-4819-8B18-2E53BCFFF010}.Debug|Any CPU.Build.0 = Debug|Any CPU
		{0FE9DD7A-D19E-4819-8B18-2E53BCFFF010}.Debug|x64.ActiveCfg = Debug|Any CPU
		{0FE9DD7A-D19E-4819-8B18-2E53BCFFF010}.Debug|x64.Build.0 = Debug|Any CPU
		{0FE9DD7A-D19E-4819-8B18-2E53BCFFF010}.Debug|x86.ActiveCfg = Debug|Any CPU
		{0FE9DD7A-D19E-4819-8B18-2E53BCFFF010}.Debug|x86.Build.0 = Debug|Any CPU
		{0FE9DD7A-D19E-4819-8B18-2E53BCFFF010}.Release|Any CPU.ActiveCfg = Release|Any CPU
		{0FE9DD7A-D19E-4819-8B18-2E53BCFFF010}.Release|Any CPU.Build.0 = Release|Any CPU
		{0FE9DD7A-D19E-4819-8B18-2E53BCFFF010}.Release|x64.ActiveCfg = Release|Any CPU
		{0FE9DD7A-D19E-4819-8B18-2E53BCFFF010}.Release|x64.Build.0 = Release|Any CPU
		{0FE9DD7A-D19E-4819-8B18-2E53BCFFF010}.Release|x86.ActiveCfg = Release|Any CPU
		{0FE9DD7A-D19E-4819-8B18-2E53BCFFF010}.Release|x86.Build.0 = Release|Any CPU
		{F4CEA5E6-5E22-4B15-B468-E9E55E02C5D0}.Debug|Any CPU.ActiveCfg = Debug|Any CPU
		{F4CEA5E6-5E22-4B15-B468-E9E55E02C5D0}.Debug|Any CPU.Build.0 = Debug|Any CPU
		{F4CEA5E6-5E22-4B15-B468-E9E55E02C5D0}.Debug|x64.ActiveCfg = Debug|Any CPU
		{F4CEA5E6-5E22-4B15-B468-E9E55E02C5D0}.Debug|x64.Build.0 = Debug|Any CPU
		{F4CEA5E6-5E22-4B15-B468-E9E55E02C5D0}.Debug|x86.ActiveCfg = Debug|Any CPU
		{F4CEA5E6-5E22-4B15-B468-E9E55E02C5D0}.Debug|x86.Build.0 = Debug|Any CPU
		{F4CEA5E6-5E22-4B15-B468-E9E55E02C5D0}.Release|Any CPU.ActiveCfg = Release|Any CPU
		{F4CEA5E6-5E22-4B15-B468-E9E55E02C5D0}.Release|Any CPU.Build.0 = Release|Any CPU
		{F4CEA5E6-5E22-4B15-B468-E9E55E02C5D0}.Release|x64.ActiveCfg = Release|Any CPU
		{F4CEA5E6-5E22-4B15-B468-E9E55E02C5D0}.Release|x64.Build.0 = Release|Any CPU
		{F4CEA5E6-5E22-4B15-B468-E9E55E02C5D0}.Release|x86.ActiveCfg = Release|Any CPU
		{F4CEA5E6-5E22-4B15-B468-E9E55E02C5D0}.Release|x86.Build.0 = Release|Any CPU
		{A52B76FE-2F37-495E-BDEC-313B2DA0AE6A}.Debug|Any CPU.ActiveCfg = Debug|Any CPU
		{A52B76FE-2F37-495E-BDEC-313B2DA0AE6A}.Debug|Any CPU.Build.0 = Debug|Any CPU
		{A52B76FE-2F37-495E-BDEC-313B2DA0AE6A}.Debug|x64.ActiveCfg = Debug|Any CPU
		{A52B76FE-2F37-495E-BDEC-313B2DA0AE6A}.Debug|x64.Build.0 = Debug|Any CPU
		{A52B76FE-2F37-495E-BDEC-313B2DA0AE6A}.Debug|x86.ActiveCfg = Debug|Any CPU
		{A52B76FE-2F37-495E-BDEC-313B2DA0AE6A}.Debug|x86.Build.0 = Debug|Any CPU
		{A52B76FE-2F37-495E-BDEC-313B2DA0AE6A}.Release|Any CPU.ActiveCfg = Release|Any CPU
		{A52B76FE-2F37-495E-BDEC-313B2DA0AE6A}.Release|Any CPU.Build.0 = Release|Any CPU
		{A52B76FE-2F37-495E-BDEC-313B2DA0AE6A}.Release|x64.ActiveCfg = Release|Any CPU
		{A52B76FE-2F37-495E-BDEC-313B2DA0AE6A}.Release|x64.Build.0 = Release|Any CPU
		{A52B76FE-2F37-495E-BDEC-313B2DA0AE6A}.Release|x86.ActiveCfg = Release|Any CPU
		{A52B76FE-2F37-495E-BDEC-313B2DA0AE6A}.Release|x86.Build.0 = Release|Any CPU
		{60891156-6CC2-45AE-ADDE-010A2BD25BA6}.Debug|Any CPU.ActiveCfg = Debug|Any CPU
		{60891156-6CC2-45AE-ADDE-010A2BD25BA6}.Debug|Any CPU.Build.0 = Debug|Any CPU
		{60891156-6CC2-45AE-ADDE-010A2BD25BA6}.Debug|x64.ActiveCfg = Debug|Any CPU
		{60891156-6CC2-45AE-ADDE-010A2BD25BA6}.Debug|x64.Build.0 = Debug|Any CPU
		{60891156-6CC2-45AE-ADDE-010A2BD25BA6}.Debug|x86.ActiveCfg = Debug|Any CPU
		{60891156-6CC2-45AE-ADDE-010A2BD25BA6}.Debug|x86.Build.0 = Debug|Any CPU
		{60891156-6CC2-45AE-ADDE-010A2BD25BA6}.Release|Any CPU.ActiveCfg = Release|Any CPU
		{60891156-6CC2-45AE-ADDE-010A2BD25BA6}.Release|Any CPU.Build.0 = Release|Any CPU
		{60891156-6CC2-45AE-ADDE-010A2BD25BA6}.Release|x64.ActiveCfg = Release|Any CPU
		{60891156-6CC2-45AE-ADDE-010A2BD25BA6}.Release|x64.Build.0 = Release|Any CPU
		{60891156-6CC2-45AE-ADDE-010A2BD25BA6}.Release|x86.ActiveCfg = Release|Any CPU
		{60891156-6CC2-45AE-ADDE-010A2BD25BA6}.Release|x86.Build.0 = Release|Any CPU
		{26B782BD-F2CD-432A-85BD-1B2E729B4E99}.Debug|Any CPU.ActiveCfg = Debug|Any CPU
		{26B782BD-F2CD-432A-85BD-1B2E729B4E99}.Debug|Any CPU.Build.0 = Debug|Any CPU
		{26B782BD-F2CD-432A-85BD-1B2E729B4E99}.Debug|x64.ActiveCfg = Debug|Any CPU
		{26B782BD-F2CD-432A-85BD-1B2E729B4E99}.Debug|x64.Build.0 = Debug|Any CPU
		{26B782BD-F2CD-432A-85BD-1B2E729B4E99}.Debug|x86.ActiveCfg = Debug|Any CPU
		{26B782BD-F2CD-432A-85BD-1B2E729B4E99}.Debug|x86.Build.0 = Debug|Any CPU
		{26B782BD-F2CD-432A-85BD-1B2E729B4E99}.Release|Any CPU.ActiveCfg = Release|Any CPU
		{26B782BD-F2CD-432A-85BD-1B2E729B4E99}.Release|Any CPU.Build.0 = Release|Any CPU
		{26B782BD-F2CD-432A-85BD-1B2E729B4E99}.Release|x64.ActiveCfg = Release|Any CPU
		{26B782BD-F2CD-432A-85BD-1B2E729B4E99}.Release|x64.Build.0 = Release|Any CPU
		{26B782BD-F2CD-432A-85BD-1B2E729B4E99}.Release|x86.ActiveCfg = Release|Any CPU
		{26B782BD-F2CD-432A-85BD-1B2E729B4E99}.Release|x86.Build.0 = Release|Any CPU
		{7F381B9F-15B1-483B-8031-691CDC265B67}.Debug|Any CPU.ActiveCfg = Debug|Any CPU
		{7F381B9F-15B1-483B-8031-691CDC265B67}.Debug|Any CPU.Build.0 = Debug|Any CPU
		{7F381B9F-15B1-483B-8031-691CDC265B67}.Debug|x64.ActiveCfg = Debug|Any CPU
		{7F381B9F-15B1-483B-8031-691CDC265B67}.Debug|x64.Build.0 = Debug|Any CPU
		{7F381B9F-15B1-483B-8031-691CDC265B67}.Debug|x86.ActiveCfg = Debug|Any CPU
		{7F381B9F-15B1-483B-8031-691CDC265B67}.Debug|x86.Build.0 = Debug|Any CPU
		{7F381B9F-15B1-483B-8031-691CDC265B67}.Release|Any CPU.ActiveCfg = Release|Any CPU
		{7F381B9F-15B1-483B-8031-691CDC265B67}.Release|Any CPU.Build.0 = Release|Any CPU
		{7F381B9F-15B1-483B-8031-691CDC265B67}.Release|x64.ActiveCfg = Release|Any CPU
		{7F381B9F-15B1-483B-8031-691CDC265B67}.Release|x64.Build.0 = Release|Any CPU
		{7F381B9F-15B1-483B-8031-691CDC265B67}.Release|x86.ActiveCfg = Release|Any CPU
		{7F381B9F-15B1-483B-8031-691CDC265B67}.Release|x86.Build.0 = Release|Any CPU
		{88474AD8-4BE1-421D-9E84-A6B2C338270B}.Debug|Any CPU.ActiveCfg = Debug|Any CPU
		{88474AD8-4BE1-421D-9E84-A6B2C338270B}.Debug|Any CPU.Build.0 = Debug|Any CPU
		{88474AD8-4BE1-421D-9E84-A6B2C338270B}.Debug|x64.ActiveCfg = Debug|Any CPU
		{88474AD8-4BE1-421D-9E84-A6B2C338270B}.Debug|x64.Build.0 = Debug|Any CPU
		{88474AD8-4BE1-421D-9E84-A6B2C338270B}.Debug|x86.ActiveCfg = Debug|Any CPU
		{88474AD8-4BE1-421D-9E84-A6B2C338270B}.Debug|x86.Build.0 = Debug|Any CPU
		{88474AD8-4BE1-421D-9E84-A6B2C338270B}.Release|Any CPU.ActiveCfg = Release|Any CPU
		{88474AD8-4BE1-421D-9E84-A6B2C338270B}.Release|Any CPU.Build.0 = Release|Any CPU
		{88474AD8-4BE1-421D-9E84-A6B2C338270B}.Release|x64.ActiveCfg = Release|Any CPU
		{88474AD8-4BE1-421D-9E84-A6B2C338270B}.Release|x64.Build.0 = Release|Any CPU
		{88474AD8-4BE1-421D-9E84-A6B2C338270B}.Release|x86.ActiveCfg = Release|Any CPU
		{88474AD8-4BE1-421D-9E84-A6B2C338270B}.Release|x86.Build.0 = Release|Any CPU
		{D10BC4D0-A7C2-4E96-9181-D6CBD689F865}.Debug|Any CPU.ActiveCfg = Debug|Any CPU
		{D10BC4D0-A7C2-4E96-9181-D6CBD689F865}.Debug|Any CPU.Build.0 = Debug|Any CPU
		{D10BC4D0-A7C2-4E96-9181-D6CBD689F865}.Debug|x64.ActiveCfg = Debug|Any CPU
		{D10BC4D0-A7C2-4E96-9181-D6CBD689F865}.Debug|x64.Build.0 = Debug|Any CPU
		{D10BC4D0-A7C2-4E96-9181-D6CBD689F865}.Debug|x86.ActiveCfg = Debug|Any CPU
		{D10BC4D0-A7C2-4E96-9181-D6CBD689F865}.Debug|x86.Build.0 = Debug|Any CPU
		{D10BC4D0-A7C2-4E96-9181-D6CBD689F865}.Release|Any CPU.ActiveCfg = Release|Any CPU
		{D10BC4D0-A7C2-4E96-9181-D6CBD689F865}.Release|Any CPU.Build.0 = Release|Any CPU
		{D10BC4D0-A7C2-4E96-9181-D6CBD689F865}.Release|x64.ActiveCfg = Release|Any CPU
		{D10BC4D0-A7C2-4E96-9181-D6CBD689F865}.Release|x64.Build.0 = Release|Any CPU
		{D10BC4D0-A7C2-4E96-9181-D6CBD689F865}.Release|x86.ActiveCfg = Release|Any CPU
		{D10BC4D0-A7C2-4E96-9181-D6CBD689F865}.Release|x86.Build.0 = Release|Any CPU
	EndGlobalSection
	GlobalSection(SolutionProperties) = preSolution
		HideSolutionNode = FALSE
	EndGlobalSection
	GlobalSection(NestedProjects) = preSolution
		{D88E0CE7-DE1E-CA43-F65B-E201F6248602} = {D585295F-7994-3649-1065-7AA403C41681}
		{18140B8C-FC3A-4D65-BEB5-77BEB2DCE357} = {D88E0CE7-DE1E-CA43-F65B-E201F6248602}
		{0D9CB365-A239-2C94-C516-E2289EEA752D} = {D585295F-7994-3649-1065-7AA403C41681}
		{0FE9DD7A-D19E-4819-8B18-2E53BCFFF010} = {73A017FD-94F0-0CE4-4FFD-E99825A18DCD}
		{F4CEA5E6-5E22-4B15-B468-E9E55E02C5D0} = {0D9CB365-A239-2C94-C516-E2289EEA752D}
		{CD3B5CE5-C23F-38B4-04AA-A303F94731A5} = {D585295F-7994-3649-1065-7AA403C41681}
		{A52B76FE-2F37-495E-BDEC-313B2DA0AE6A} = {CD3B5CE5-C23F-38B4-04AA-A303F94731A5}
		{60891156-6CC2-45AE-ADDE-010A2BD25BA6} = {CD3B5CE5-C23F-38B4-04AA-A303F94731A5}
		{1B5980E6-EF5C-6277-9477-31F21C2DD2D5} = {CD3B5CE5-C23F-38B4-04AA-A303F94731A5}
		{26B782BD-F2CD-432A-85BD-1B2E729B4E99} = {1B5980E6-EF5C-6277-9477-31F21C2DD2D5}
		{73A017FD-94F0-0CE4-4FFD-E99825A18DCD} = {0D9CB365-A239-2C94-C516-E2289EEA752D}
		{F466A2CF-81D4-4695-2886-76C1EC995682} = {D585295F-7994-3649-1065-7AA403C41681}
		{7F381B9F-15B1-483B-8031-691CDC265B67} = {F466A2CF-81D4-4695-2886-76C1EC995682}
		{88474AD8-4BE1-421D-9E84-A6B2C338270B} = {D585295F-7994-3649-1065-7AA403C41681}
		{D10BC4D0-A7C2-4E96-9181-D6CBD689F865} = {1B5980E6-EF5C-6277-9477-31F21C2DD2D5}
	EndGlobalSection
EndGlobal
