
Microsoft Visual Studio Solution File, Format Version 12.00
# Visual Studio Version 17
VisualStudioVersion = 17.0.31903.59
MinimumVisualStudioVersion = 10.0.40219.1
Project("{2150E333-8FDC-42A3-9474-1A3956D46DE8}") = "Engine", "Engine", "{D585295F-7994-3649-1065-7AA403C41681}"
EndProject
Project("{2150E333-8FDC-42A3-9474-1A3956D46DE8}") = "Core", "Core", "{D88E0CE7-DE1E-CA43-F65B-E201F6248602}"
EndProject
Project("{FAE04EC0-301F-11D3-BF4B-00C04F79EFBC}") = "PlantWatch.Engine.Core", "Engine\Core\PlantWatch.Engine.Core\PlantWatch.Engine.Core.csproj", "{18140B8C-FC3A-4D65-BEB5-77BEB2DCE357}"
EndProject
Project("{2150E333-8FDC-42A3-9474-1A3956D46DE8}") = "Drivers", "Drivers", "{0D9CB365-A239-2C94-C516-E2289EEA752D}"
EndProject
Project("{FAE04EC0-301F-11D3-BF4B-00C04F79EFBC}") = "PlantWatch.Engine.Drivers.Protocols.Siemens", "Engine\Drivers\Protocols\PlantWatch.Engine.Drivers.Protocols.Siemens\PlantWatch.Engine.Drivers.Protocols.Siemens.csproj", "{0FE9DD7A-D19E-4819-8B18-2E53BCFFF010}"
EndProject
Project("{FAE04EC0-301F-11D3-BF4B-00C04F79EFBC}") = "PlantWatch.Engine.DriverRuntime", "Engine\Drivers\PlantWatch.Engine.DriverRuntime\PlantWatch.Engine.DriverRuntime.csproj", "{F4CEA5E6-5E22-4B15-B468-E9E55E02C5D0}"
EndProject
Project("{2150E333-8FDC-42A3-9474-1A3956D46DE8}") = "Tests", "Tests", "{CD3B5CE5-C23F-38B4-04AA-A303F94731A5}"
EndProject
Project("{FAE04EC0-301F-11D3-BF4B-00C04F79EFBC}") = "PlantWatch.Engine.Tests.DriverRuntime", "Engine\Tests\PlantWatch.Engine.DriverRuntime.Tests\PlantWatch.Engine.Tests.DriverRuntime.csproj", "{A52B76FE-2F37-495E-BDEC-313B2DA0AE6A}"
EndProject
Project("{FAE04EC0-301F-11D3-BF4B-00C04F79EFBC}") = "PlantWatch.Engine.Tests.Drivers.Siemens", "Engine\Tests\PlantWatch.Engine.Drivers.Siemens.Tests\PlantWatch.Engine.Tests.Drivers.Siemens.csproj", "{60891156-6CC2-45AE-ADDE-010A2BD25BA6}"
EndProject
Project("{2150E333-8FDC-42A3-9474-1A3956D46DE8}") = "Live", "Live", "{1B5980E6-EF5C-6277-9477-31F21C2DD2D5}"
EndProject
Project("{FAE04EC0-301F-11D3-BF4B-00C04F79EFBC}") = "PlantWatch.Engine.Tests.Live.LiveTestApp", "Engine\Tests\Live\PlantWatch.LiveTestApp\PlantWatch.Engine.Tests.Live.LiveTestApp.csproj", "{26B782BD-F2CD-432A-85BD-1B2E729B4E99}"
EndProject
Project("{2150E333-8FDC-42A3-9474-1A3956D46DE8}") = "Protocols", "Protocols", "{73A017FD-94F0-0CE4-4FFD-E99825A18DCD}"
EndProject
Project("{2150E333-8FDC-42A3-9474-1A3956D46DE8}") = "Applications", "Applications", "{F466A2CF-81D4-4695-2886-76C1EC995682}"
EndProject
Project("{FAE04EC0-301F-11D3-BF4B-00C04F79EFBC}") = "PlantWatch.Engine.Applications.WebApi", "Engine\Applications\PlantWatch.Engine.Applications.WebApi\PlantWatch.Engine.Applications.WebApi.csproj", "{7F381B9F-15B1-483B-8031-691CDC265B67}"
EndProject
Project("{FAE04EC0-301F-11D3-BF4B-00C04F79EFBC}") = "LiteDbReader", "Engine\Tests\Live\LiteDbReader\LiteDbReader.csproj", "{D10BC4D0-A7C2-4E96-9181-D6CBD689F865}"
EndProject
Project("{2150E333-8FDC-42A3-9474-1A3956D46DE8}") = "Core", "Core", "{FBF56CC3-7AE6-AD2D-3F14-7F97FD322CD6}"
EndProject
Project("{FAE04EC0-301F-11D3-BF4B-00C04F79EFBC}") = "PlantWatch.Core", "Core\PlantWatch.Core\PlantWatch.Core.csproj", "{C47F2BE2-DBAE-4F71-96F8-875E6A5301AE}"
EndProject
Project("{2150E333-8FDC-42A3-9474-1A3956D46DE8}") = "Data", "Data", "{1CFE9269-4522-8A16-7360-18E7621B255A}"
EndProject
Project("{FAE04EC0-301F-11D3-BF4B-00C04F79EFBC}") = "PlantWatch.Engine.Data", "Engine\Data\PlantWatch.Engine.Data\PlantWatch.Engine.Data.csproj", "{BCCE96D0-FF59-4CA0-BAB7-491DA9CBCDC2}"
EndProject
Project("{2150E333-8FDC-42A3-9474-1A3956D46DE8}") = "Drivers", "Drivers", "{855A169D-A0E3-46D8-7823-CB3B8A08A111}"
EndProject
Project("{FAE04EC0-301F-11D3-BF4B-00C04F79EFBC}") = "PlantWatch.Engine.Data.Drivers.MsSql", "Engine\Data\Drivers\PlantWatch.Engine.Data.Drivers.MsSql\PlantWatch.Engine.Data.Drivers.MsSql.csproj", "{3A988256-F67F-4052-8C69-4E208831770F}"
EndProject
Project("{FAE04EC0-301F-11D3-BF4B-00C04F79EFBC}") = "PlantWatch.Engine.Applications.Data.WebApi", "Engine\Applications\PlantWatch.Engine.Applications.Data.WebApi\PlantWatch.Engine.Applications.Data.WebApi.csproj", "{E64C3C73-6267-4B5E-87F3-6C3D85C59C4B}"
EndProject
Project("{2150E333-8FDC-42A3-9474-1A3956D46DE8}") = "Data", "Data", "{0C312A98-9936-4ABA-F435-E945897488FC}"
EndProject
Project("{FAE04EC0-301F-11D3-BF4B-00C04F79EFBC}") = "PlantWatch.Engine.Tests.Data.MsSql", "Engine\Tests\Data\PlantWatch.Engine.Tests.Data.MsSql\PlantWatch.Engine.Tests.Data.MsSql.csproj", "{24A0A99C-37BA-4910-B1CE-DEF004BCA91C}"
EndProject
Project("{FAE04EC0-301F-11D3-BF4B-00C04F79EFBC}") = "PlantWatch.Engine.Applications.Common", "Engine\Applications\PlantWatch.Engine.Applications.Common\PlantWatch.Engine.Applications.Common.csproj", "{68E63A14-FEB3-48ED-9B94-03D8F6FAEB7B}"
EndProject
Project("{FAE04EC0-301F-11D3-BF4B-00C04F79EFBC}") = "PlantWatch.Engine.Tests.Application.Data.WebApi", "Engine\Tests\PlantWatch.Engine.Tests.Application.Data.WebApi\PlantWatch.Engine.Tests.Application.Data.WebApi.csproj", "{C68281F8-1446-47F2-8A9F-60A5A7A89D9A}"
EndProject
Project("{FAE04EC0-301F-11D3-BF4B-00C04F79EFBC}") = "PlantWatch.Engine.Tests.Data", "Engine\Tests\Data\PlantWatch.Engine.Tests.Data\PlantWatch.Engine.Tests.Data.csproj", "{0C8BC5FB-9154-48B7-B3FE-B584CCBF3E66}"
EndProject
Project("{2150E333-8FDC-42A3-9474-1A3956D46DE8}") = "UI", "UI", "{CE1F43D7-190F-7A47-14AD-E55E31321BC8}"
EndProject
Project("{FAE04EC0-301F-11D3-BF4B-00C04F79EFBC}") = "PlantWatch.Engine.UI.Data", "Engine\UI\PlantWatch.Engine.UI.Data\PlantWatch.Engine.UI.Data.csproj", "{C20F2DD9-3B3E-4575-A0AA-1982E160D2E5}"
EndProject
Project("{FAE04EC0-301F-11D3-BF4B-00C04F79EFBC}") = "PlantWatch.Engine.UI.Drivers", "Engine\UI\PlantWatch.Engine.UI.Drivers\PlantWatch.Engine.UI.Drivers.csproj", "{D83159C2-BDD2-4766-ACF8-C393D9DA5CAA}"
EndProject
Project("{FAE04EC0-301F-11D3-BF4B-00C04F79EFBC}") = "PlantWatch.Engine.Launcher", "Engine\PlantWatch.Engine.Launcher\PlantWatch.Engine.Launcher.csproj", "{9EC3D26E-0FD8-4870-A410-C8151DC19E41}"
EndProject
Global
	GlobalSection(SolutionConfigurationPlatforms) = preSolution
		Debug|Any CPU = Debug|Any CPU
		Debug|x64 = Debug|x64
		Debug|x86 = Debug|x86
		Release|Any CPU = Release|Any CPU
		Release|x64 = Release|x64
		Release|x86 = Release|x86
	EndGlobalSection
	GlobalSection(ProjectConfigurationPlatforms) = postSolution
		{18140B8C-FC3A-4D65-BEB5-77BEB2DCE357}.Debug|Any CPU.ActiveCfg = Debug|Any CPU
		{18140B8C-FC3A-4D65-BEB5-77BEB2DCE357}.Debug|Any CPU.Build.0 = Debug|Any CPU
		{18140B8C-FC3A-4D65-BEB5-77BEB2DCE357}.Debug|x64.ActiveCfg = Debug|Any CPU
		{18140B8C-FC3A-4D65-BEB5-77BEB2DCE357}.Debug|x64.Build.0 = Debug|Any CPU
		{18140B8C-FC3A-4D65-BEB5-77BEB2DCE357}.Debug|x86.ActiveCfg = Debug|Any CPU
		{18140B8C-FC3A-4D65-BEB5-77BEB2DCE357}.Debug|x86.Build.0 = Debug|Any CPU
		{18140B8C-FC3A-4D65-BEB5-77BEB2DCE357}.Release|Any CPU.ActiveCfg = Release|Any CPU
		{18140B8C-FC3A-4D65-BEB5-77BEB2DCE357}.Release|Any CPU.Build.0 = Release|Any CPU
		{18140B8C-FC3A-4D65-BEB5-77BEB2DCE357}.Release|x64.ActiveCfg = Release|Any CPU
		{18140B8C-FC3A-4D65-BEB5-77BEB2DCE357}.Release|x64.Build.0 = Release|Any CPU
		{18140B8C-FC3A-4D65-BEB5-77BEB2DCE357}.Release|x86.ActiveCfg = Release|Any CPU
		{18140B8C-FC3A-4D65-BEB5-77BEB2DCE357}.Release|x86.Build.0 = Release|Any CPU
		{0FE9DD7A-D19E-4819-8B18-2E53BCFFF010}.Debug|Any CPU.ActiveCfg = Debug|Any CPU
		{0FE9DD7A-D19E-4819-8B18-2E53BCFFF010}.Debug|Any CPU.Build.0 = Debug|Any CPU
		{0FE9DD7A-D19E-4819-8B18-2E53BCFFF010}.Debug|x64.ActiveCfg = Debug|Any CPU
		{0FE9DD7A-D19E-4819-8B18-2E53BCFFF010}.Debug|x64.Build.0 = Debug|Any CPU
		{0FE9DD7A-D19E-4819-8B18-2E53BCFFF010}.Debug|x86.ActiveCfg = Debug|Any CPU
		{0FE9DD7A-D19E-4819-8B18-2E53BCFFF010}.Debug|x86.Build.0 = Debug|Any CPU
		{0FE9DD7A-D19E-4819-8B18-2E53BCFFF010}.Release|Any CPU.ActiveCfg = Release|Any CPU
		{0FE9DD7A-D19E-4819-8B18-2E53BCFFF010}.Release|Any CPU.Build.0 = Release|Any CPU
		{0FE9DD7A-D19E-4819-8B18-2E53BCFFF010}.Release|x64.ActiveCfg = Release|Any CPU
		{0FE9DD7A-D19E-4819-8B18-2E53BCFFF010}.Release|x64.Build.0 = Release|Any CPU
		{0FE9DD7A-D19E-4819-8B18-2E53BCFFF010}.Release|x86.ActiveCfg = Release|Any CPU
		{0FE9DD7A-D19E-4819-8B18-2E53BCFFF010}.Release|x86.Build.0 = Release|Any CPU
		{F4CEA5E6-5E22-4B15-B468-E9E55E02C5D0}.Debug|Any CPU.ActiveCfg = Debug|Any CPU
		{F4CEA5E6-5E22-4B15-B468-E9E55E02C5D0}.Debug|Any CPU.Build.0 = Debug|Any CPU
		{F4CEA5E6-5E22-4B15-B468-E9E55E02C5D0}.Debug|x64.ActiveCfg = Debug|Any CPU
		{F4CEA5E6-5E22-4B15-B468-E9E55E02C5D0}.Debug|x64.Build.0 = Debug|Any CPU
		{F4CEA5E6-5E22-4B15-B468-E9E55E02C5D0}.Debug|x86.ActiveCfg = Debug|Any CPU
		{F4CEA5E6-5E22-4B15-B468-E9E55E02C5D0}.Debug|x86.Build.0 = Debug|Any CPU
		{F4CEA5E6-5E22-4B15-B468-E9E55E02C5D0}.Release|Any CPU.ActiveCfg = Release|Any CPU
		{F4CEA5E6-5E22-4B15-B468-E9E55E02C5D0}.Release|Any CPU.Build.0 = Release|Any CPU
		{F4CEA5E6-5E22-4B15-B468-E9E55E02C5D0}.Release|x64.ActiveCfg = Release|Any CPU
		{F4CEA5E6-5E22-4B15-B468-E9E55E02C5D0}.Release|x64.Build.0 = Release|Any CPU
		{F4CEA5E6-5E22-4B15-B468-E9E55E02C5D0}.Release|x86.ActiveCfg = Release|Any CPU
		{F4CEA5E6-5E22-4B15-B468-E9E55E02C5D0}.Release|x86.Build.0 = Release|Any CPU
		{A52B76FE-2F37-495E-BDEC-313B2DA0AE6A}.Debug|Any CPU.ActiveCfg = Debug|Any CPU
		{A52B76FE-2F37-495E-BDEC-313B2DA0AE6A}.Debug|Any CPU.Build.0 = Debug|Any CPU
		{A52B76FE-2F37-495E-BDEC-313B2DA0AE6A}.Debug|x64.ActiveCfg = Debug|Any CPU
		{A52B76FE-2F37-495E-BDEC-313B2DA0AE6A}.Debug|x64.Build.0 = Debug|Any CPU
		{A52B76FE-2F37-495E-BDEC-313B2DA0AE6A}.Debug|x86.ActiveCfg = Debug|Any CPU
		{A52B76FE-2F37-495E-BDEC-313B2DA0AE6A}.Debug|x86.Build.0 = Debug|Any CPU
		{A52B76FE-2F37-495E-BDEC-313B2DA0AE6A}.Release|Any CPU.ActiveCfg = Release|Any CPU
		{A52B76FE-2F37-495E-BDEC-313B2DA0AE6A}.Release|Any CPU.Build.0 = Release|Any CPU
		{A52B76FE-2F37-495E-BDEC-313B2DA0AE6A}.Release|x64.ActiveCfg = Release|Any CPU
		{A52B76FE-2F37-495E-BDEC-313B2DA0AE6A}.Release|x64.Build.0 = Release|Any CPU
		{A52B76FE-2F37-495E-BDEC-313B2DA0AE6A}.Release|x86.ActiveCfg = Release|Any CPU
		{A52B76FE-2F37-495E-BDEC-313B2DA0AE6A}.Release|x86.Build.0 = Release|Any CPU
		{60891156-6CC2-45AE-ADDE-010A2BD25BA6}.Debug|Any CPU.ActiveCfg = Debug|Any CPU
		{60891156-6CC2-45AE-ADDE-010A2BD25BA6}.Debug|Any CPU.Build.0 = Debug|Any CPU
		{60891156-6CC2-45AE-ADDE-010A2BD25BA6}.Debug|x64.ActiveCfg = Debug|Any CPU
		{60891156-6CC2-45AE-ADDE-010A2BD25BA6}.Debug|x64.Build.0 = Debug|Any CPU
		{60891156-6CC2-45AE-ADDE-010A2BD25BA6}.Debug|x86.ActiveCfg = Debug|Any CPU
		{60891156-6CC2-45AE-ADDE-010A2BD25BA6}.Debug|x86.Build.0 = Debug|Any CPU
		{60891156-6CC2-45AE-ADDE-010A2BD25BA6}.Release|Any CPU.ActiveCfg = Release|Any CPU
		{60891156-6CC2-45AE-ADDE-010A2BD25BA6}.Release|Any CPU.Build.0 = Release|Any CPU
		{60891156-6CC2-45AE-ADDE-010A2BD25BA6}.Release|x64.ActiveCfg = Release|Any CPU
		{60891156-6CC2-45AE-ADDE-010A2BD25BA6}.Release|x64.Build.0 = Release|Any CPU
		{60891156-6CC2-45AE-ADDE-010A2BD25BA6}.Release|x86.ActiveCfg = Release|Any CPU
		{60891156-6CC2-45AE-ADDE-010A2BD25BA6}.Release|x86.Build.0 = Release|Any CPU
		{26B782BD-F2CD-432A-85BD-1B2E729B4E99}.Debug|Any CPU.ActiveCfg = Debug|Any CPU
		{26B782BD-F2CD-432A-85BD-1B2E729B4E99}.Debug|Any CPU.Build.0 = Debug|Any CPU
		{26B782BD-F2CD-432A-85BD-1B2E729B4E99}.Debug|x64.ActiveCfg = Debug|Any CPU
		{26B782BD-F2CD-432A-85BD-1B2E729B4E99}.Debug|x64.Build.0 = Debug|Any CPU
		{26B782BD-F2CD-432A-85BD-1B2E729B4E99}.Debug|x86.ActiveCfg = Debug|Any CPU
		{26B782BD-F2CD-432A-85BD-1B2E729B4E99}.Debug|x86.Build.0 = Debug|Any CPU
		{26B782BD-F2CD-432A-85BD-1B2E729B4E99}.Release|Any CPU.ActiveCfg = Release|Any CPU
		{26B782BD-F2CD-432A-85BD-1B2E729B4E99}.Release|Any CPU.Build.0 = Release|Any CPU
		{26B782BD-F2CD-432A-85BD-1B2E729B4E99}.Release|x64.ActiveCfg = Release|Any CPU
		{26B782BD-F2CD-432A-85BD-1B2E729B4E99}.Release|x64.Build.0 = Release|Any CPU
		{26B782BD-F2CD-432A-85BD-1B2E729B4E99}.Release|x86.ActiveCfg = Release|Any CPU
		{26B782BD-F2CD-432A-85BD-1B2E729B4E99}.Release|x86.Build.0 = Release|Any CPU
		{7F381B9F-15B1-483B-8031-691CDC265B67}.Debug|Any CPU.ActiveCfg = Debug|Any CPU
		{7F381B9F-15B1-483B-8031-691CDC265B67}.Debug|Any CPU.Build.0 = Debug|Any CPU
		{7F381B9F-15B1-483B-8031-691CDC265B67}.Debug|x64.ActiveCfg = Debug|Any CPU
		{7F381B9F-15B1-483B-8031-691CDC265B67}.Debug|x64.Build.0 = Debug|Any CPU
		{7F381B9F-15B1-483B-8031-691CDC265B67}.Debug|x86.ActiveCfg = Debug|Any CPU
		{7F381B9F-15B1-483B-8031-691CDC265B67}.Debug|x86.Build.0 = Debug|Any CPU
		{7F381B9F-15B1-483B-8031-691CDC265B67}.Release|Any CPU.ActiveCfg = Release|Any CPU
		{7F381B9F-15B1-483B-8031-691CDC265B67}.Release|Any CPU.Build.0 = Release|Any CPU
		{7F381B9F-15B1-483B-8031-691CDC265B67}.Release|x64.ActiveCfg = Release|Any CPU
		{7F381B9F-15B1-483B-8031-691CDC265B67}.Release|x64.Build.0 = Release|Any CPU
		{7F381B9F-15B1-483B-8031-691CDC265B67}.Release|x86.ActiveCfg = Release|Any CPU
		{7F381B9F-15B1-483B-8031-691CDC265B67}.Release|x86.Build.0 = Release|Any CPU
		{D10BC4D0-A7C2-4E96-9181-D6CBD689F865}.Debug|Any CPU.ActiveCfg = Debug|Any CPU
		{D10BC4D0-A7C2-4E96-9181-D6CBD689F865}.Debug|Any CPU.Build.0 = Debug|Any CPU
		{D10BC4D0-A7C2-4E96-9181-D6CBD689F865}.Debug|x64.ActiveCfg = Debug|Any CPU
		{D10BC4D0-A7C2-4E96-9181-D6CBD689F865}.Debug|x64.Build.0 = Debug|Any CPU
		{D10BC4D0-A7C2-4E96-9181-D6CBD689F865}.Debug|x86.ActiveCfg = Debug|Any CPU
		{D10BC4D0-A7C2-4E96-9181-D6CBD689F865}.Debug|x86.Build.0 = Debug|Any CPU
		{D10BC4D0-A7C2-4E96-9181-D6CBD689F865}.Release|Any CPU.ActiveCfg = Release|Any CPU
		{D10BC4D0-A7C2-4E96-9181-D6CBD689F865}.Release|Any CPU.Build.0 = Release|Any CPU
		{D10BC4D0-A7C2-4E96-9181-D6CBD689F865}.Release|x64.ActiveCfg = Release|Any CPU
		{D10BC4D0-A7C2-4E96-9181-D6CBD689F865}.Release|x64.Build.0 = Release|Any CPU
		{D10BC4D0-A7C2-4E96-9181-D6CBD689F865}.Release|x86.ActiveCfg = Release|Any CPU
		{D10BC4D0-A7C2-4E96-9181-D6CBD689F865}.Release|x86.Build.0 = Release|Any CPU
		{C47F2BE2-DBAE-4F71-96F8-875E6A5301AE}.Debug|Any CPU.ActiveCfg = Debug|Any CPU
		{C47F2BE2-DBAE-4F71-96F8-875E6A5301AE}.Debug|Any CPU.Build.0 = Debug|Any CPU
		{C47F2BE2-DBAE-4F71-96F8-875E6A5301AE}.Debug|x64.ActiveCfg = Debug|Any CPU
		{C47F2BE2-DBAE-4F71-96F8-875E6A5301AE}.Debug|x64.Build.0 = Debug|Any CPU
		{C47F2BE2-DBAE-4F71-96F8-875E6A5301AE}.Debug|x86.ActiveCfg = Debug|Any CPU
		{C47F2BE2-DBAE-4F71-96F8-875E6A5301AE}.Debug|x86.Build.0 = Debug|Any CPU
		{C47F2BE2-DBAE-4F71-96F8-875E6A5301AE}.Release|Any CPU.ActiveCfg = Release|Any CPU
		{C47F2BE2-DBAE-4F71-96F8-875E6A5301AE}.Release|Any CPU.Build.0 = Release|Any CPU
		{C47F2BE2-DBAE-4F71-96F8-875E6A5301AE}.Release|x64.ActiveCfg = Release|Any CPU
		{C47F2BE2-DBAE-4F71-96F8-875E6A5301AE}.Release|x64.Build.0 = Release|Any CPU
		{C47F2BE2-DBAE-4F71-96F8-875E6A5301AE}.Release|x86.ActiveCfg = Release|Any CPU
		{C47F2BE2-DBAE-4F71-96F8-875E6A5301AE}.Release|x86.Build.0 = Release|Any CPU
		{BCCE96D0-FF59-4CA0-BAB7-491DA9CBCDC2}.Debug|Any CPU.ActiveCfg = Debug|Any CPU
		{BCCE96D0-FF59-4CA0-BAB7-491DA9CBCDC2}.Debug|Any CPU.Build.0 = Debug|Any CPU
		{BCCE96D0-FF59-4CA0-BAB7-491DA9CBCDC2}.Debug|x64.ActiveCfg = Debug|Any CPU
		{BCCE96D0-FF59-4CA0-BAB7-491DA9CBCDC2}.Debug|x64.Build.0 = Debug|Any CPU
		{BCCE96D0-FF59-4CA0-BAB7-491DA9CBCDC2}.Debug|x86.ActiveCfg = Debug|Any CPU
		{BCCE96D0-FF59-4CA0-BAB7-491DA9CBCDC2}.Debug|x86.Build.0 = Debug|Any CPU
		{BCCE96D0-FF59-4CA0-BAB7-491DA9CBCDC2}.Release|Any CPU.ActiveCfg = Release|Any CPU
		{BCCE96D0-FF59-4CA0-BAB7-491DA9CBCDC2}.Release|Any CPU.Build.0 = Release|Any CPU
		{BCCE96D0-FF59-4CA0-BAB7-491DA9CBCDC2}.Release|x64.ActiveCfg = Release|Any CPU
		{BCCE96D0-FF59-4CA0-BAB7-491DA9CBCDC2}.Release|x64.Build.0 = Release|Any CPU
		{BCCE96D0-FF59-4CA0-BAB7-491DA9CBCDC2}.Release|x86.ActiveCfg = Release|Any CPU
		{BCCE96D0-FF59-4CA0-BAB7-491DA9CBCDC2}.Release|x86.Build.0 = Release|Any CPU
		{3A988256-F67F-4052-8C69-4E208831770F}.Debug|Any CPU.ActiveCfg = Debug|Any CPU
		{3A988256-F67F-4052-8C69-4E208831770F}.Debug|Any CPU.Build.0 = Debug|Any CPU
		{3A988256-F67F-4052-8C69-4E208831770F}.Debug|x64.ActiveCfg = Debug|Any CPU
		{3A988256-F67F-4052-8C69-4E208831770F}.Debug|x64.Build.0 = Debug|Any CPU
		{3A988256-F67F-4052-8C69-4E208831770F}.Debug|x86.ActiveCfg = Debug|Any CPU
		{3A988256-F67F-4052-8C69-4E208831770F}.Debug|x86.Build.0 = Debug|Any CPU
		{3A988256-F67F-4052-8C69-4E208831770F}.Release|Any CPU.ActiveCfg = Release|Any CPU
		{3A988256-F67F-4052-8C69-4E208831770F}.Release|Any CPU.Build.0 = Release|Any CPU
		{3A988256-F67F-4052-8C69-4E208831770F}.Release|x64.ActiveCfg = Release|Any CPU
		{3A988256-F67F-4052-8C69-4E208831770F}.Release|x64.Build.0 = Release|Any CPU
		{3A988256-F67F-4052-8C69-4E208831770F}.Release|x86.ActiveCfg = Release|Any CPU
		{3A988256-F67F-4052-8C69-4E208831770F}.Release|x86.Build.0 = Release|Any CPU
		{E64C3C73-6267-4B5E-87F3-6C3D85C59C4B}.Debug|Any CPU.ActiveCfg = Debug|Any CPU
		{E64C3C73-6267-4B5E-87F3-6C3D85C59C4B}.Debug|Any CPU.Build.0 = Debug|Any CPU
		{E64C3C73-6267-4B5E-87F3-6C3D85C59C4B}.Debug|x64.ActiveCfg = Debug|Any CPU
		{E64C3C73-6267-4B5E-87F3-6C3D85C59C4B}.Debug|x64.Build.0 = Debug|Any CPU
		{E64C3C73-6267-4B5E-87F3-6C3D85C59C4B}.Debug|x86.ActiveCfg = Debug|Any CPU
		{E64C3C73-6267-4B5E-87F3-6C3D85C59C4B}.Debug|x86.Build.0 = Debug|Any CPU
		{E64C3C73-6267-4B5E-87F3-6C3D85C59C4B}.Release|Any CPU.ActiveCfg = Release|Any CPU
		{E64C3C73-6267-4B5E-87F3-6C3D85C59C4B}.Release|Any CPU.Build.0 = Release|Any CPU
		{E64C3C73-6267-4B5E-87F3-6C3D85C59C4B}.Release|x64.ActiveCfg = Release|Any CPU
		{E64C3C73-6267-4B5E-87F3-6C3D85C59C4B}.Release|x64.Build.0 = Release|Any CPU
		{E64C3C73-6267-4B5E-87F3-6C3D85C59C4B}.Release|x86.ActiveCfg = Release|Any CPU
		{E64C3C73-6267-4B5E-87F3-6C3D85C59C4B}.Release|x86.Build.0 = Release|Any CPU
		{24A0A99C-37BA-4910-B1CE-DEF004BCA91C}.Debug|Any CPU.ActiveCfg = Debug|Any CPU
		{24A0A99C-37BA-4910-B1CE-DEF004BCA91C}.Debug|Any CPU.Build.0 = Debug|Any CPU
		{24A0A99C-37BA-4910-B1CE-DEF004BCA91C}.Debug|x64.ActiveCfg = Debug|Any CPU
		{24A0A99C-37BA-4910-B1CE-DEF004BCA91C}.Debug|x64.Build.0 = Debug|Any CPU
		{24A0A99C-37BA-4910-B1CE-DEF004BCA91C}.Debug|x86.ActiveCfg = Debug|Any CPU
		{24A0A99C-37BA-4910-B1CE-DEF004BCA91C}.Debug|x86.Build.0 = Debug|Any CPU
		{24A0A99C-37BA-4910-B1CE-DEF004BCA91C}.Release|Any CPU.ActiveCfg = Release|Any CPU
		{24A0A99C-37BA-4910-B1CE-DEF004BCA91C}.Release|Any CPU.Build.0 = Release|Any CPU
		{24A0A99C-37BA-4910-B1CE-DEF004BCA91C}.Release|x64.ActiveCfg = Release|Any CPU
		{24A0A99C-37BA-4910-B1CE-DEF004BCA91C}.Release|x64.Build.0 = Release|Any CPU
		{24A0A99C-37BA-4910-B1CE-DEF004BCA91C}.Release|x86.ActiveCfg = Release|Any CPU
		{24A0A99C-37BA-4910-B1CE-DEF004BCA91C}.Release|x86.Build.0 = Release|Any CPU
		{68E63A14-FEB3-48ED-9B94-03D8F6FAEB7B}.Debug|Any CPU.ActiveCfg = Debug|Any CPU
		{68E63A14-FEB3-48ED-9B94-03D8F6FAEB7B}.Debug|Any CPU.Build.0 = Debug|Any CPU
		{68E63A14-FEB3-48ED-9B94-03D8F6FAEB7B}.Debug|x64.ActiveCfg = Debug|Any CPU
		{68E63A14-FEB3-48ED-9B94-03D8F6FAEB7B}.Debug|x64.Build.0 = Debug|Any CPU
		{68E63A14-FEB3-48ED-9B94-03D8F6FAEB7B}.Debug|x86.ActiveCfg = Debug|Any CPU
		{68E63A14-FEB3-48ED-9B94-03D8F6FAEB7B}.Debug|x86.Build.0 = Debug|Any CPU
		{68E63A14-FEB3-48ED-9B94-03D8F6FAEB7B}.Release|Any CPU.ActiveCfg = Release|Any CPU
		{68E63A14-FEB3-48ED-9B94-03D8F6FAEB7B}.Release|Any CPU.Build.0 = Release|Any CPU
		{68E63A14-FEB3-48ED-9B94-03D8F6FAEB7B}.Release|x64.ActiveCfg = Release|Any CPU
		{68E63A14-FEB3-48ED-9B94-03D8F6FAEB7B}.Release|x64.Build.0 = Release|Any CPU
		{68E63A14-FEB3-48ED-9B94-03D8F6FAEB7B}.Release|x86.ActiveCfg = Release|Any CPU
		{68E63A14-FEB3-48ED-9B94-03D8F6FAEB7B}.Release|x86.Build.0 = Release|Any CPU
		{C68281F8-1446-47F2-8A9F-60A5A7A89D9A}.Debug|Any CPU.ActiveCfg = Debug|Any CPU
		{C68281F8-1446-47F2-8A9F-60A5A7A89D9A}.Debug|Any CPU.Build.0 = Debug|Any CPU
		{C68281F8-1446-47F2-8A9F-60A5A7A89D9A}.Debug|x64.ActiveCfg = Debug|Any CPU
		{C68281F8-1446-47F2-8A9F-60A5A7A89D9A}.Debug|x64.Build.0 = Debug|Any CPU
		{C68281F8-1446-47F2-8A9F-60A5A7A89D9A}.Debug|x86.ActiveCfg = Debug|Any CPU
		{C68281F8-1446-47F2-8A9F-60A5A7A89D9A}.Debug|x86.Build.0 = Debug|Any CPU
		{C68281F8-1446-47F2-8A9F-60A5A7A89D9A}.Release|Any CPU.ActiveCfg = Release|Any CPU
		{C68281F8-1446-47F2-8A9F-60A5A7A89D9A}.Release|Any CPU.Build.0 = Release|Any CPU
		{C68281F8-1446-47F2-8A9F-60A5A7A89D9A}.Release|x64.ActiveCfg = Release|Any CPU
		{C68281F8-1446-47F2-8A9F-60A5A7A89D9A}.Release|x64.Build.0 = Release|Any CPU
		{C68281F8-1446-47F2-8A9F-60A5A7A89D9A}.Release|x86.ActiveCfg = Release|Any CPU
		{C68281F8-1446-47F2-8A9F-60A5A7A89D9A}.Release|x86.Build.0 = Release|Any CPU
		{0C8BC5FB-9154-48B7-B3FE-B584CCBF3E66}.Debug|Any CPU.ActiveCfg = Debug|Any CPU
		{0C8BC5FB-9154-48B7-B3FE-B584CCBF3E66}.Debug|Any CPU.Build.0 = Debug|Any CPU
		{0C8BC5FB-9154-48B7-B3FE-B584CCBF3E66}.Debug|x64.ActiveCfg = Debug|Any CPU
		{0C8BC5FB-9154-48B7-B3FE-B584CCBF3E66}.Debug|x64.Build.0 = Debug|Any CPU
		{0C8BC5FB-9154-48B7-B3FE-B584CCBF3E66}.Debug|x86.ActiveCfg = Debug|Any CPU
		{0C8BC5FB-9154-48B7-B3FE-B584CCBF3E66}.Debug|x86.Build.0 = Debug|Any CPU
		{0C8BC5FB-9154-48B7-B3FE-B584CCBF3E66}.Release|Any CPU.ActiveCfg = Release|Any CPU
		{0C8BC5FB-9154-48B7-B3FE-B584CCBF3E66}.Release|Any CPU.Build.0 = Release|Any CPU
		{0C8BC5FB-9154-48B7-B3FE-B584CCBF3E66}.Release|x64.ActiveCfg = Release|Any CPU
		{0C8BC5FB-9154-48B7-B3FE-B584CCBF3E66}.Release|x64.Build.0 = Release|Any CPU
		{0C8BC5FB-9154-48B7-B3FE-B584CCBF3E66}.Release|x86.ActiveCfg = Release|Any CPU
		{0C8BC5FB-9154-48B7-B3FE-B584CCBF3E66}.Release|x86.Build.0 = Release|Any CPU
		{C20F2DD9-3B3E-4575-A0AA-1982E160D2E5}.Debug|Any CPU.ActiveCfg = Debug|Any CPU
		{C20F2DD9-3B3E-4575-A0AA-1982E160D2E5}.Debug|Any CPU.Build.0 = Debug|Any CPU
		{C20F2DD9-3B3E-4575-A0AA-1982E160D2E5}.Debug|x64.ActiveCfg = Debug|Any CPU
		{C20F2DD9-3B3E-4575-A0AA-1982E160D2E5}.Debug|x64.Build.0 = Debug|Any CPU
		{C20F2DD9-3B3E-4575-A0AA-1982E160D2E5}.Debug|x86.ActiveCfg = Debug|Any CPU
		{C20F2DD9-3B3E-4575-A0AA-1982E160D2E5}.Debug|x86.Build.0 = Debug|Any CPU
		{C20F2DD9-3B3E-4575-A0AA-1982E160D2E5}.Release|Any CPU.ActiveCfg = Release|Any CPU
		{C20F2DD9-3B3E-4575-A0AA-1982E160D2E5}.Release|Any CPU.Build.0 = Release|Any CPU
		{C20F2DD9-3B3E-4575-A0AA-1982E160D2E5}.Release|x64.ActiveCfg = Release|Any CPU
		{C20F2DD9-3B3E-4575-A0AA-1982E160D2E5}.Release|x64.Build.0 = Release|Any CPU
		{C20F2DD9-3B3E-4575-A0AA-1982E160D2E5}.Release|x86.ActiveCfg = Release|Any CPU
		{C20F2DD9-3B3E-4575-A0AA-1982E160D2E5}.Release|x86.Build.0 = Release|Any CPU
		{D83159C2-BDD2-4766-ACF8-C393D9DA5CAA}.Debug|Any CPU.ActiveCfg = Debug|Any CPU
		{D83159C2-BDD2-4766-ACF8-C393D9DA5CAA}.Debug|Any CPU.Build.0 = Debug|Any CPU
		{D83159C2-BDD2-4766-ACF8-C393D9DA5CAA}.Debug|x64.ActiveCfg = Debug|Any CPU
		{D83159C2-BDD2-4766-ACF8-C393D9DA5CAA}.Debug|x64.Build.0 = Debug|Any CPU
		{D83159C2-BDD2-4766-ACF8-C393D9DA5CAA}.Debug|x86.ActiveCfg = Debug|Any CPU
		{D83159C2-BDD2-4766-ACF8-C393D9DA5CAA}.Debug|x86.Build.0 = Debug|Any CPU
		{D83159C2-BDD2-4766-ACF8-C393D9DA5CAA}.Release|Any CPU.ActiveCfg = Release|Any CPU
		{D83159C2-BDD2-4766-ACF8-C393D9DA5CAA}.Release|Any CPU.Build.0 = Release|Any CPU
		{D83159C2-BDD2-4766-ACF8-C393D9DA5CAA}.Release|x64.ActiveCfg = Release|Any CPU
		{D83159C2-BDD2-4766-ACF8-C393D9DA5CAA}.Release|x64.Build.0 = Release|Any CPU
		{D83159C2-BDD2-4766-ACF8-C393D9DA5CAA}.Release|x86.ActiveCfg = Release|Any CPU
		{D83159C2-BDD2-4766-ACF8-C393D9DA5CAA}.Release|x86.Build.0 = Release|Any CPU
		{9EC3D26E-0FD8-4870-A410-C8151DC19E41}.Debug|Any CPU.ActiveCfg = Debug|Any CPU
		{9EC3D26E-0FD8-4870-A410-C8151DC19E41}.Debug|Any CPU.Build.0 = Debug|Any CPU
		{9EC3D26E-0FD8-4870-A410-C8151DC19E41}.Debug|x64.ActiveCfg = Debug|Any CPU
		{9EC3D26E-0FD8-4870-A410-C8151DC19E41}.Debug|x64.Build.0 = Debug|Any CPU
		{9EC3D26E-0FD8-4870-A410-C8151DC19E41}.Debug|x86.ActiveCfg = Debug|Any CPU
		{9EC3D26E-0FD8-4870-A410-C8151DC19E41}.Debug|x86.Build.0 = Debug|Any CPU
		{9EC3D26E-0FD8-4870-A410-C8151DC19E41}.Release|Any CPU.ActiveCfg = Release|Any CPU
		{9EC3D26E-0FD8-4870-A410-C8151DC19E41}.Release|Any CPU.Build.0 = Release|Any CPU
		{9EC3D26E-0FD8-4870-A410-C8151DC19E41}.Release|x64.ActiveCfg = Release|Any CPU
		{9EC3D26E-0FD8-4870-A410-C8151DC19E41}.Release|x64.Build.0 = Release|Any CPU
		{9EC3D26E-0FD8-4870-A410-C8151DC19E41}.Release|x86.ActiveCfg = Release|Any CPU
		{9EC3D26E-0FD8-4870-A410-C8151DC19E41}.Release|x86.Build.0 = Release|Any CPU
	EndGlobalSection
	GlobalSection(SolutionProperties) = preSolution
		HideSolutionNode = FALSE
	EndGlobalSection
	GlobalSection(NestedProjects) = preSolution
		{D88E0CE7-DE1E-CA43-F65B-E201F6248602} = {D585295F-7994-3649-1065-7AA403C41681}
		{18140B8C-FC3A-4D65-BEB5-77BEB2DCE357} = {D88E0CE7-DE1E-CA43-F65B-E201F6248602}
		{0D9CB365-A239-2C94-C516-E2289EEA752D} = {D585295F-7994-3649-1065-7AA403C41681}
		{0FE9DD7A-D19E-4819-8B18-2E53BCFFF010} = {73A017FD-94F0-0CE4-4FFD-E99825A18DCD}
		{F4CEA5E6-5E22-4B15-B468-E9E55E02C5D0} = {0D9CB365-A239-2C94-C516-E2289EEA752D}
		{CD3B5CE5-C23F-38B4-04AA-A303F94731A5} = {D585295F-7994-3649-1065-7AA403C41681}
		{A52B76FE-2F37-495E-BDEC-313B2DA0AE6A} = {CD3B5CE5-C23F-38B4-04AA-A303F94731A5}
		{60891156-6CC2-45AE-ADDE-010A2BD25BA6} = {CD3B5CE5-C23F-38B4-04AA-A303F94731A5}
		{1B5980E6-EF5C-6277-9477-31F21C2DD2D5} = {CD3B5CE5-C23F-38B4-04AA-A303F94731A5}
		{26B782BD-F2CD-432A-85BD-1B2E729B4E99} = {1B5980E6-EF5C-6277-9477-31F21C2DD2D5}
		{73A017FD-94F0-0CE4-4FFD-E99825A18DCD} = {0D9CB365-A239-2C94-C516-E2289EEA752D}
		{F466A2CF-81D4-4695-2886-76C1EC995682} = {D585295F-7994-3649-1065-7AA403C41681}
		{7F381B9F-15B1-483B-8031-691CDC265B67} = {F466A2CF-81D4-4695-2886-76C1EC995682}
		{D10BC4D0-A7C2-4E96-9181-D6CBD689F865} = {1B5980E6-EF5C-6277-9477-31F21C2DD2D5}
		{C47F2BE2-DBAE-4F71-96F8-875E6A5301AE} = {FBF56CC3-7AE6-AD2D-3F14-7F97FD322CD6}
		{1CFE9269-4522-8A16-7360-18E7621B255A} = {D585295F-7994-3649-1065-7AA403C41681}
		{BCCE96D0-FF59-4CA0-BAB7-491DA9CBCDC2} = {1CFE9269-4522-8A16-7360-18E7621B255A}
		{855A169D-A0E3-46D8-7823-CB3B8A08A111} = {1CFE9269-4522-8A16-7360-18E7621B255A}
		{3A988256-F67F-4052-8C69-4E208831770F} = {855A169D-A0E3-46D8-7823-CB3B8A08A111}
		{E64C3C73-6267-4B5E-87F3-6C3D85C59C4B} = {F466A2CF-81D4-4695-2886-76C1EC995682}
		{0C312A98-9936-4ABA-F435-E945897488FC} = {CD3B5CE5-C23F-38B4-04AA-A303F94731A5}
		{24A0A99C-37BA-4910-B1CE-DEF004BCA91C} = {0C312A98-9936-4ABA-F435-E945897488FC}
		{68E63A14-FEB3-48ED-9B94-03D8F6FAEB7B} = {F466A2CF-81D4-4695-2886-76C1EC995682}
		{C68281F8-1446-47F2-8A9F-60A5A7A89D9A} = {CD3B5CE5-C23F-38B4-04AA-A303F94731A5}
		{0C8BC5FB-9154-48B7-B3FE-B584CCBF3E66} = {0C312A98-9936-4ABA-F435-E945897488FC}
		{CE1F43D7-190F-7A47-14AD-E55E31321BC8} = {D585295F-7994-3649-1065-7AA403C41681}
		{C20F2DD9-3B3E-4575-A0AA-1982E160D2E5} = {CE1F43D7-190F-7A47-14AD-E55E31321BC8}
		{D83159C2-BDD2-4766-ACF8-C393D9DA5CAA} = {CE1F43D7-190F-7A47-14AD-E55E31321BC8}
		{9EC3D26E-0FD8-4870-A410-C8151DC19E41} = {D585295F-7994-3649-1065-7AA403C41681}
	EndGlobalSection
EndGlobal
