
Microsoft Visual Studio Solution File, Format Version 12.00
# Visual Studio Version 17
VisualStudioVersion = 17.0.31903.59
MinimumVisualStudioVersion = 10.0.40219.1
Project("{2150E333-8FDC-42A3-9474-1A3956D46DE8}") = "Core", "Core", "{FBF56CC3-7AE6-AD2D-3F14-7F97FD322CD6}"
EndProject
Project("{FAE04EC0-301F-11D3-BF4B-00C04F79EFBC}") = "PlantWatch.Core", "Core\PlantWatch.Core\PlantWatch.Core.csproj", "{18140B8C-FC3A-4D65-BEB5-77BEB2DCE357}"
EndProject
Project("{2150E333-8FDC-42A3-9474-1A3956D46DE8}") = "Drivers", "Drivers", "{74553503-8F02-3961-70FA-B3C80C1C4ED6}"
EndProject
Project("{FAE04EC0-301F-11D3-BF4B-00C04F79EFBC}") = "PlantWatch.Drivers.Siemens", "Drivers\PlantWatch.Drivers.Siemens\PlantWatch.Drivers.Siemens.csproj", "{0FE9DD7A-D19E-4819-8B18-2E53BCFFF010}"
EndProject
Project("{2150E333-8FDC-42A3-9474-1A3956D46DE8}") = "Tests", "Tests", "{0AB3BF05-4346-4AA6-1389-037BE0695223}"
EndProject
Project("{FAE04EC0-301F-11D3-BF4B-00C04F79EFBC}") = "PlantWatch.Drivers.Siemens.Tests", "Tests\PlantWatch.Drivers.Siemens.Tests\PlantWatch.Drivers.Siemens.Tests.csproj", "{60891156-6CC2-45AE-ADDE-010A2BD25BA6}"
EndProject
Project("{2150E333-8FDC-42A3-9474-1A3956D46DE8}") = "Live", "Live", "{1B5980E6-EF5C-6277-9477-31F21C2DD2D5}"
EndProject
Project("{FAE04EC0-301F-11D3-BF4B-00C04F79EFBC}") = "PlantWatch.LiveTestApp", "Tests\Live\PlantWatch.LiveTestApp\PlantWatch.LiveTestApp.csproj", "{26B782BD-F2CD-432A-85BD-1B2E729B4E99}"
EndProject
Project("{FAE04EC0-301F-11D3-BF4B-00C04F79EFBC}") = "PlantWatch.DriverRuntime", "Drivers\PlantWatch.DriverRuntime\PlantWatch.DriverRuntime.csproj", "{F4CEA5E6-5E22-4B15-B468-E9E55E02C5D0}"
EndProject
Global
	GlobalSection(SolutionConfigurationPlatforms) = preSolution
		Debug|Any CPU = Debug|Any CPU
		Debug|x64 = Debug|x64
		Debug|x86 = Debug|x86
		Release|Any CPU = Release|Any CPU
		Release|x64 = Release|x64
		Release|x86 = Release|x86
	EndGlobalSection
	GlobalSection(ProjectConfigurationPlatforms) = postSolution
		{18140B8C-FC3A-4D65-BEB5-77BEB2DCE357}.Debug|Any CPU.ActiveCfg = Debug|Any CPU
		{18140B8C-FC3A-4D65-BEB5-77BEB2DCE357}.Debug|Any CPU.Build.0 = Debug|Any CPU
		{18140B8C-FC3A-4D65-BEB5-77BEB2DCE357}.Debug|x64.ActiveCfg = Debug|Any CPU
		{18140B8C-FC3A-4D65-BEB5-77BEB2DCE357}.Debug|x64.Build.0 = Debug|Any CPU
		{18140B8C-FC3A-4D65-BEB5-77BEB2DCE357}.Debug|x86.ActiveCfg = Debug|Any CPU
		{18140B8C-FC3A-4D65-BEB5-77BEB2DCE357}.Debug|x86.Build.0 = Debug|Any CPU
		{18140B8C-FC3A-4D65-BEB5-77BEB2DCE357}.Release|Any CPU.ActiveCfg = Release|Any CPU
		{18140B8C-FC3A-4D65-BEB5-77BEB2DCE357}.Release|Any CPU.Build.0 = Release|Any CPU
		{18140B8C-FC3A-4D65-BEB5-77BEB2DCE357}.Release|x64.ActiveCfg = Release|Any CPU
		{18140B8C-FC3A-4D65-BEB5-77BEB2DCE357}.Release|x64.Build.0 = Release|Any CPU
		{18140B8C-FC3A-4D65-BEB5-77BEB2DCE357}.Release|x86.ActiveCfg = Release|Any CPU
		{18140B8C-FC3A-4D65-BEB5-77BEB2DCE357}.Release|x86.Build.0 = Release|Any CPU
		{0FE9DD7A-D19E-4819-8B18-2E53BCFFF010}.Debug|Any CPU.ActiveCfg = Debug|Any CPU
		{0FE9DD7A-D19E-4819-8B18-2E53BCFFF010}.Debug|Any CPU.Build.0 = Debug|Any CPU
		{0FE9DD7A-D19E-4819-8B18-2E53BCFFF010}.Debug|x64.ActiveCfg = Debug|Any CPU
		{0FE9DD7A-D19E-4819-8B18-2E53BCFFF010}.Debug|x64.Build.0 = Debug|Any CPU
		{0FE9DD7A-D19E-4819-8B18-2E53BCFFF010}.Debug|x86.ActiveCfg = Debug|Any CPU
		{0FE9DD7A-D19E-4819-8B18-2E53BCFFF010}.Debug|x86.Build.0 = Debug|Any CPU
		{0FE9DD7A-D19E-4819-8B18-2E53BCFFF010}.Release|Any CPU.ActiveCfg = Release|Any CPU
		{0FE9DD7A-D19E-4819-8B18-2E53BCFFF010}.Release|Any CPU.Build.0 = Release|Any CPU
		{0FE9DD7A-D19E-4819-8B18-2E53BCFFF010}.Release|x64.ActiveCfg = Release|Any CPU
		{0FE9DD7A-D19E-4819-8B18-2E53BCFFF010}.Release|x64.Build.0 = Release|Any CPU
		{0FE9DD7A-D19E-4819-8B18-2E53BCFFF010}.Release|x86.ActiveCfg = Release|Any CPU
		{0FE9DD7A-D19E-4819-8B18-2E53BCFFF010}.Release|x86.Build.0 = Release|Any CPU
		{60891156-6CC2-45AE-ADDE-010A2BD25BA6}.Debug|Any CPU.ActiveCfg = Debug|Any CPU
		{60891156-6CC2-45AE-ADDE-010A2BD25BA6}.Debug|Any CPU.Build.0 = Debug|Any CPU
		{60891156-6CC2-45AE-ADDE-010A2BD25BA6}.Debug|x64.ActiveCfg = Debug|Any CPU
		{60891156-6CC2-45AE-ADDE-010A2BD25BA6}.Debug|x64.Build.0 = Debug|Any CPU
		{60891156-6CC2-45AE-ADDE-010A2BD25BA6}.Debug|x86.ActiveCfg = Debug|Any CPU
		{60891156-6CC2-45AE-ADDE-010A2BD25BA6}.Debug|x86.Build.0 = Debug|Any CPU
		{60891156-6CC2-45AE-ADDE-010A2BD25BA6}.Release|Any CPU.ActiveCfg = Release|Any CPU
		{60891156-6CC2-45AE-ADDE-010A2BD25BA6}.Release|Any CPU.Build.0 = Release|Any CPU
		{60891156-6CC2-45AE-ADDE-010A2BD25BA6}.Release|x64.ActiveCfg = Release|Any CPU
		{60891156-6CC2-45AE-ADDE-010A2BD25BA6}.Release|x64.Build.0 = Release|Any CPU
		{60891156-6CC2-45AE-ADDE-010A2BD25BA6}.Release|x86.ActiveCfg = Release|Any CPU
		{60891156-6CC2-45AE-ADDE-010A2BD25BA6}.Release|x86.Build.0 = Release|Any CPU
		{26B782BD-F2CD-432A-85BD-1B2E729B4E99}.Debug|Any CPU.ActiveCfg = Debug|Any CPU
		{26B782BD-F2CD-432A-85BD-1B2E729B4E99}.Debug|Any CPU.Build.0 = Debug|Any CPU
		{26B782BD-F2CD-432A-85BD-1B2E729B4E99}.Debug|x64.ActiveCfg = Debug|Any CPU
		{26B782BD-F2CD-432A-85BD-1B2E729B4E99}.Debug|x64.Build.0 = Debug|Any CPU
		{26B782BD-F2CD-432A-85BD-1B2E729B4E99}.Debug|x86.ActiveCfg = Debug|Any CPU
		{26B782BD-F2CD-432A-85BD-1B2E729B4E99}.Debug|x86.Build.0 = Debug|Any CPU
		{26B782BD-F2CD-432A-85BD-1B2E729B4E99}.Release|Any CPU.ActiveCfg = Release|Any CPU
		{26B782BD-F2CD-432A-85BD-1B2E729B4E99}.Release|Any CPU.Build.0 = Release|Any CPU
		{26B782BD-F2CD-432A-85BD-1B2E729B4E99}.Release|x64.ActiveCfg = Release|Any CPU
		{26B782BD-F2CD-432A-85BD-1B2E729B4E99}.Release|x64.Build.0 = Release|Any CPU
		{26B782BD-F2CD-432A-85BD-1B2E729B4E99}.Release|x86.ActiveCfg = Release|Any CPU
		{26B782BD-F2CD-432A-85BD-1B2E729B4E99}.Release|x86.Build.0 = Release|Any CPU
		{F4CEA5E6-5E22-4B15-B468-E9E55E02C5D0}.Debug|Any CPU.ActiveCfg = Debug|Any CPU
		{F4CEA5E6-5E22-4B15-B468-E9E55E02C5D0}.Debug|Any CPU.Build.0 = Debug|Any CPU
		{F4CEA5E6-5E22-4B15-B468-E9E55E02C5D0}.Debug|x64.ActiveCfg = Debug|Any CPU
		{F4CEA5E6-5E22-4B15-B468-E9E55E02C5D0}.Debug|x64.Build.0 = Debug|Any CPU
		{F4CEA5E6-5E22-4B15-B468-E9E55E02C5D0}.Debug|x86.ActiveCfg = Debug|Any CPU
		{F4CEA5E6-5E22-4B15-B468-E9E55E02C5D0}.Debug|x86.Build.0 = Debug|Any CPU
		{F4CEA5E6-5E22-4B15-B468-E9E55E02C5D0}.Release|Any CPU.ActiveCfg = Release|Any CPU
		{F4CEA5E6-5E22-4B15-B468-E9E55E02C5D0}.Release|Any CPU.Build.0 = Release|Any CPU
		{F4CEA5E6-5E22-4B15-B468-E9E55E02C5D0}.Release|x64.ActiveCfg = Release|Any CPU
		{F4CEA5E6-5E22-4B15-B468-E9E55E02C5D0}.Release|x64.Build.0 = Release|Any CPU
		{F4CEA5E6-5E22-4B15-B468-E9E55E02C5D0}.Release|x86.ActiveCfg = Release|Any CPU
		{F4CEA5E6-5E22-4B15-B468-E9E55E02C5D0}.Release|x86.Build.0 = Release|Any CPU
	EndGlobalSection
	GlobalSection(SolutionProperties) = preSolution
		HideSolutionNode = FALSE
	EndGlobalSection
	GlobalSection(NestedProjects) = preSolution
		{18140B8C-FC3A-4D65-BEB5-77BEB2DCE357} = {FBF56CC3-7AE6-AD2D-3F14-7F97FD322CD6}
		{0FE9DD7A-D19E-4819-8B18-2E53BCFFF010} = {74553503-8F02-3961-70FA-B3C80C1C4ED6}
		{60891156-6CC2-45AE-ADDE-010A2BD25BA6} = {0AB3BF05-4346-4AA6-1389-037BE0695223}
		{1B5980E6-EF5C-6277-9477-31F21C2DD2D5} = {0AB3BF05-4346-4AA6-1389-037BE0695223}
		{26B782BD-F2CD-432A-85BD-1B2E729B4E99} = {1B5980E6-EF5C-6277-9477-31F21C2DD2D5}
		{F4CEA5E6-5E22-4B15-B468-E9E55E02C5D0} = {74553503-8F02-3961-70FA-B3C80C1C4ED6}
	EndGlobalSection
EndGlobal
